{
  "version": 4,
  "terraform_version": "1.2.3",
  "serial": 648,
  "lineage": "b8a72201-940d-4d43-c438-15d7872b781c",
  "outputs": {},
  "resources": [
    {
      "mode": "data",
      "type": "google_compute_image",
      "name": "debian-image",
      "provider": "provider[\"registry.terraform.io/hashicorp/google\"]",
      "instances": [
        {
          "schema_version": 0,
          "attributes": {
            "archive_size_bytes": 1539087552,
            "creation_timestamp": "2022-12-06T13:36:14.214-08:00",
            "description": "Debian, Debian GNU/Linux, 11 (bullseye), amd64 built on 20221206, supports Shielded VM features",
            "disk_size_gb": 10,
            "family": "debian-11",
            "filter": null,
            "id": "projects/debian-cloud/global/images/debian-11-bullseye-v20221206",
            "image_encryption_key_sha256": "",
            "image_id": "3029264037887216418",
            "label_fingerprint": "42WmSpB8rSM=",
            "labels": {},
            "licenses": [
              "https://www.googleapis.com/compute/v1/projects/debian-cloud/global/licenses/debian-11-bullseye"
            ],
            "name": "debian-11-bullseye-v20221206",
            "project": "debian-cloud",
            "self_link": "https://www.googleapis.com/compute/v1/projects/debian-cloud/global/images/debian-11-bullseye-v20221206",
            "source_disk": "",
            "source_disk_encryption_key_sha256": "",
            "source_disk_id": "",
            "source_image_id": "",
            "status": "READY"
          },
          "sensitive_attributes": []
        }
      ]
    },
    {
      "mode": "managed",
      "type": "google_compute_address",
      "name": "external_ip",
      "provider": "provider[\"registry.terraform.io/hashicorp/google\"]",
      "instances": [
        {
          "schema_version": 0,
          "attributes": {
            "address": "34.125.42.141",
            "address_type": "EXTERNAL",
            "creation_timestamp": "2022-12-23T10:06:07.415-08:00",
            "description": "",
            "id": "projects/terraform-course-370521/regions/us-west4/addresses/external-ip",
            "name": "external-ip",
            "network": "",
            "network_tier": "PREMIUM",
            "prefix_length": 0,
            "project": "terraform-course-370521",
            "purpose": "",
            "region": "us-west4",
            "self_link": "https://www.googleapis.com/compute/v1/projects/terraform-course-370521/regions/us-west4/addresses/external-ip",
            "subnetwork": "",
            "timeouts": null,
            "users": []
          },
          "sensitive_attributes": [],
          "private": "eyJlMmJmYjczMC1lY2FhLTExZTYtOGY4OC0zNDM2M2JjN2M0YzAiOnsiY3JlYXRlIjoxMjAwMDAwMDAwMDAwLCJkZWxldGUiOjEyMDAwMDAwMDAwMDB9fQ=="
        }
      ]
    },
    {
      "mode": "managed",
      "type": "google_compute_autoscaler",
      "name": "test_so",
      "provider": "provider[\"registry.terraform.io/hashicorp/google\"]",
      "instances": [
        {
          "schema_version": 0,
          "attributes": {
            "autoscaling_policy": [
              {
                "cooldown_period": 60,
                "cpu_utilization": [
                  {
                    "predictive_method": "NONE",
                    "target": 0.6
                  }
                ],
                "load_balancing_utilization": [],
                "max_replicas": 3,
                "metric": [],
                "min_replicas": 2,
                "mode": "ON",
                "scale_in_control": [],
                "scaling_schedules": []
              }
            ],
            "creation_timestamp": "2022-12-23T10:07:00.228-08:00",
            "description": "",
            "id": "projects/terraform-course-370521/zones/us-west4-a/autoscalers/test-so",
            "name": "test-so",
            "project": "terraform-course-370521",
            "self_link": "https://www.googleapis.com/compute/v1/projects/terraform-course-370521/zones/us-west4-a/autoscalers/test-so",
            "target": "https://www.googleapis.com/compute/v1/projects/terraform-course-370521/zones/us-west4-a/instanceGroupManagers/test-so",
            "timeouts": null,
            "zone": "https://www.googleapis.com/compute/v1/projects/terraform-course-370521/zones/us-west4-a"
          },
          "sensitive_attributes": [],
          "private": "eyJlMmJmYjczMC1lY2FhLTExZTYtOGY4OC0zNDM2M2JjN2M0YzAiOnsiY3JlYXRlIjoxMjAwMDAwMDAwMDAwLCJkZWxldGUiOjEyMDAwMDAwMDAwMDAsInVwZGF0ZSI6MTIwMDAwMDAwMDAwMH19",
          "dependencies": [
            "data.google_compute_image.debian-image",
            "google_compute_health_check.autohealing",
            "google_compute_instance_group_manager.test_so",
            "google_compute_instance_template.webserver_template",
            "google_service_account.test-vm-1"
          ]
        }
      ]
    },
    {
      "mode": "managed",
      "type": "google_compute_firewall",
      "name": "allow-http",
      "provider": "provider[\"registry.terraform.io/hashicorp/google\"]",
      "instances": [
        {
          "schema_version": 1,
          "attributes": {
            "allow": [
              {
                "ports": [
                  "80"
                ],
                "protocol": "tcp"
              }
            ],
            "creation_timestamp": "2022-12-23T10:06:07.225-08:00",
            "deny": [],
            "description": "",
            "destination_ranges": [],
            "direction": "INGRESS",
            "disabled": false,
            "enable_logging": null,
            "id": "projects/terraform-course-370521/global/firewalls/allow-http",
            "log_config": [],
            "name": "allow-http",
            "network": "https://www.googleapis.com/compute/v1/projects/terraform-course-370521/global/networks/default",
            "priority": 1000,
            "project": "terraform-course-370521",
            "self_link": "https://www.googleapis.com/compute/v1/projects/terraform-course-370521/global/firewalls/allow-http",
            "source_ranges": [
              "0.0.0.0/0"
            ],
            "source_service_accounts": null,
            "source_tags": null,
            "target_service_accounts": null,
            "target_tags": [
              "web"
            ],
            "timeouts": null
          },
          "sensitive_attributes": [],
          "private": "eyJlMmJmYjczMC1lY2FhLTExZTYtOGY4OC0zNDM2M2JjN2M0YzAiOnsiY3JlYXRlIjoxMjAwMDAwMDAwMDAwLCJkZWxldGUiOjEyMDAwMDAwMDAwMDAsInVwZGF0ZSI6MTIwMDAwMDAwMDAwMH0sInNjaGVtYV92ZXJzaW9uIjoiMSJ9"
        }
      ]
    },
    {
      "mode": "managed",
      "type": "google_compute_forwarding_rule",
      "name": "elb",
      "provider": "provider[\"registry.terraform.io/hashicorp/google-beta\"]",
      "instances": [
        {
          "schema_version": 0,
          "attributes": {
            "all_ports": false,
            "allow_global_access": false,
            "backend_service": "projects/terraform-course-370521/regions/us-west4/backendServices/l7-elb-web-backend",
            "creation_timestamp": "2022-12-23T10:07:17.233-08:00",
            "description": "",
            "id": "projects/terraform-course-370521/regions/us-west4/forwardingRules/l7-elb-web-frontend",
            "ip_address": "projects/terraform-course-370521/regions/us-west4/addresses/external-ip",
            "ip_protocol": "TCP",
            "is_mirroring_collector": false,
            "label_fingerprint": "42WmSpB8rSM=",
            "labels": null,
            "load_balancing_scheme": "EXTERNAL",
            "name": "l7-elb-web-frontend",
            "network": "",
            "network_tier": "PREMIUM",
            "port_range": "80",
            "ports": null,
            "project": "terraform-course-370521",
            "psc_connection_id": "",
            "psc_connection_status": "",
            "region": "us-west4",
            "self_link": "https://www.googleapis.com/compute/beta/projects/terraform-course-370521/regions/us-west4/forwardingRules/l7-elb-web-frontend",
            "service_directory_registrations": [],
            "service_label": "",
            "service_name": "",
            "subnetwork": "",
            "target": "",
            "timeouts": null
          },
          "sensitive_attributes": [],
          "private": "eyJlMmJmYjczMC1lY2FhLTExZTYtOGY4OC0zNDM2M2JjN2M0YzAiOnsiY3JlYXRlIjoxMjAwMDAwMDAwMDAwLCJkZWxldGUiOjEyMDAwMDAwMDAwMDAsInVwZGF0ZSI6MTIwMDAwMDAwMDAwMH19",
          "dependencies": [
            "data.google_compute_image.debian-image",
            "google_compute_address.external_ip",
            "google_compute_health_check.autohealing",
            "google_compute_instance_group_manager.test_so",
            "google_compute_instance_template.webserver_template",
            "google_compute_region_backend_service.elb",
            "google_compute_region_health_check.elb",
            "google_service_account.test-vm-1"
          ]
        }
      ]
    },
    {
      "mode": "managed",
      "type": "google_compute_health_check",
      "name": "autohealing",
      "provider": "provider[\"registry.terraform.io/hashicorp/google\"]",
      "instances": [
        {
          "schema_version": 0,
          "attributes": {
            "check_interval_sec": 5,
            "creation_timestamp": "2022-12-23T10:06:07.030-08:00",
            "description": "",
            "grpc_health_check": [],
            "healthy_threshold": 2,
            "http2_health_check": [],
            "http_health_check": [
              {
                "host": "",
                "port": 80,
                "port_name": "",
                "port_specification": "",
                "proxy_header": "NONE",
                "request_path": "/",
                "response": ""
              }
            ],
            "https_health_check": [],
            "id": "projects/terraform-course-370521/global/healthChecks/autohealing",
            "log_config": [
              {
                "enable": false
              }
            ],
            "name": "autohealing",
            "project": "terraform-course-370521",
            "self_link": "https://www.googleapis.com/compute/v1/projects/terraform-course-370521/global/healthChecks/autohealing",
            "ssl_health_check": [],
            "tcp_health_check": [],
            "timeout_sec": 5,
            "timeouts": null,
            "type": "HTTP",
            "unhealthy_threshold": 3
          },
          "sensitive_attributes": [],
          "private": "eyJlMmJmYjczMC1lY2FhLTExZTYtOGY4OC0zNDM2M2JjN2M0YzAiOnsiY3JlYXRlIjoxMjAwMDAwMDAwMDAwLCJkZWxldGUiOjEyMDAwMDAwMDAwMDAsInVwZGF0ZSI6MTIwMDAwMDAwMDAwMH19"
        }
      ]
    },
    {
      "mode": "managed",
      "type": "google_compute_instance_group_manager",
      "name": "test_so",
      "provider": "provider[\"registry.terraform.io/hashicorp/google\"]",
      "instances": [
        {
          "schema_version": 0,
          "attributes": {
            "auto_healing_policies": [
              {
                "health_check": "https://www.googleapis.com/compute/v1/projects/terraform-course-370521/global/healthChecks/autohealing",
                "initial_delay_sec": 60
              }
            ],
            "base_instance_name": "test-so",
            "description": "",
            "fingerprint": "tCLsEodzXh0=",
            "id": "projects/terraform-course-370521/zones/us-west4-a/instanceGroupManagers/test-so",
            "instance_group": "https://www.googleapis.com/compute/v1/projects/terraform-course-370521/zones/us-west4-a/instanceGroups/test-so",
            "name": "test-so",
            "named_port": [],
            "operation": null,
            "project": "terraform-course-370521",
            "self_link": "https://www.googleapis.com/compute/v1/projects/terraform-course-370521/zones/us-west4-a/instanceGroupManagers/test-so",
            "stateful_disk": [],
            "status": [
              {
                "is_stable": true,
                "stateful": [
                  {
                    "has_stateful_config": false,
                    "per_instance_configs": [
                      {
                        "all_effective": true
                      }
                    ]
                  }
                ],
                "version_target": [
                  {
                    "is_reached": true
                  }
                ]
              }
            ],
            "target_pools": null,
            "target_size": 0,
            "timeouts": null,
            "update_policy": [
              {
                "max_surge_fixed": 1,
                "max_surge_percent": 0,
                "max_unavailable_fixed": 1,
                "max_unavailable_percent": 0,
                "minimal_action": "REPLACE",
                "most_disruptive_allowed_action": "",
                "replacement_method": "SUBSTITUTE",
                "type": "OPPORTUNISTIC"
              }
            ],
            "version": [
              {
                "instance_template": "https://www.googleapis.com/compute/v1/projects/terraform-course-370521/global/instanceTemplates/webserver-template",
                "name": "",
                "target_size": []
              }
            ],
            "wait_for_instances": false,
            "wait_for_instances_status": "STABLE",
            "zone": "us-west4-a"
          },
          "sensitive_attributes": [],
          "private": "eyJlMmJmYjczMC1lY2FhLTExZTYtOGY4OC0zNDM2M2JjN2M0YzAiOnsiY3JlYXRlIjo5MDAwMDAwMDAwMDAsImRlbGV0ZSI6OTAwMDAwMDAwMDAwLCJ1cGRhdGUiOjkwMDAwMDAwMDAwMH19",
          "dependencies": [
            "data.google_compute_image.debian-image",
            "google_compute_health_check.autohealing",
            "google_compute_instance_template.webserver_template",
            "google_service_account.test-vm-1"
          ]
        }
      ]
    },
    {
      "mode": "managed",
      "type": "google_compute_instance_template",
      "name": "webserver_template",
      "provider": "provider[\"registry.terraform.io/hashicorp/google\"]",
      "instances": [
        {
          "schema_version": 1,
          "attributes": {
            "advanced_machine_features": [],
            "can_ip_forward": false,
            "confidential_instance_config": null,
            "description": "",
            "disk": [
              {
                "auto_delete": true,
                "boot": true,
                "device_name": "persistent-disk-0",
                "disk_encryption_key": [],
                "disk_name": "",
                "disk_size_gb": 10,
                "disk_type": "pd-standard",
                "interface": "SCSI",
                "labels": null,
                "mode": "READ_WRITE",
                "resource_policies": null,
                "source": "",
                "source_image": "projects/debian-cloud/global/images/debian-11-bullseye-v20221206",
                "type": "PERSISTENT"
              }
            ],
            "guest_accelerator": [],
            "id": "projects/terraform-course-370521/global/instanceTemplates/webserver-template",
            "instance_description": "",
            "labels": {
              "business": "sales",
              "env": "test"
            },
            "machine_type": "e2-medium",
            "metadata": null,
            "metadata_fingerprint": "UirYHt52RJ0=",
            "metadata_startup_script": "#!/bin/bash\napt update \napt -y install apache2\necho \"Hello world from $(hostname) $(hostname -I)\" \u003e /var/www/html/index.html\nsystemctl start apache2\nsystemctl enable apache2",
            "min_cpu_platform": "",
            "name": "webserver-template",
            "name_prefix": null,
            "network_interface": [
              {
                "access_config": [
                  {
                    "nat_ip": "",
                    "network_tier": "PREMIUM",
                    "public_ptr_domain_name": ""
                  }
                ],
                "alias_ip_range": [],
                "ipv6_access_config": [],
                "ipv6_access_type": "",
                "name": "nic0",
                "network": "https://www.googleapis.com/compute/v1/projects/terraform-course-370521/global/networks/default",
                "network_ip": "",
                "nic_type": "",
                "queue_count": 0,
                "stack_type": "",
                "subnetwork": "",
                "subnetwork_project": ""
              }
            ],
            "project": "terraform-course-370521",
            "region": "us-west4",
            "reservation_affinity": [],
            "scheduling": [
              {
                "automatic_restart": true,
                "instance_termination_action": "",
                "min_node_cpus": 0,
                "node_affinities": [],
                "on_host_maintenance": "MIGRATE",
                "preemptible": false,
                "provisioning_model": "STANDARD"
              }
            ],
            "self_link": "https://www.googleapis.com/compute/v1/projects/terraform-course-370521/global/instanceTemplates/webserver-template",
            "service_account": [
              {
                "email": "test-vm-1@terraform-course-370521.iam.gserviceaccount.com",
                "scopes": [
                  "https://www.googleapis.com/auth/monitoring.read"
                ]
              }
            ],
            "shielded_instance_config": [],
            "tags": [
              "web"
            ],
            "tags_fingerprint": "",
            "timeouts": null
          },
          "sensitive_attributes": [],
          "private": "eyJlMmJmYjczMC1lY2FhLTExZTYtOGY4OC0zNDM2M2JjN2M0YzAiOnsiY3JlYXRlIjoyNDAwMDAwMDAwMDAsImRlbGV0ZSI6MjQwMDAwMDAwMDAwfSwic2NoZW1hX3ZlcnNpb24iOiIxIn0=",
          "dependencies": [
            "data.google_compute_image.debian-image",
            "google_service_account.test-vm-1"
          ]
        }
      ]
    },
    {
      "mode": "managed",
      "type": "google_compute_region_backend_service",
      "name": "elb",
      "provider": "provider[\"registry.terraform.io/hashicorp/google-beta\"]",
      "instances": [
        {
          "schema_version": 1,
          "attributes": {
            "affinity_cookie_ttl_sec": 0,
            "backend": [
              {
                "balancing_mode": "CONNECTION",
                "capacity_scaler": 0,
                "description": "",
                "failover": false,
                "group": "https://www.googleapis.com/compute/v1/projects/terraform-course-370521/zones/us-west4-a/instanceGroups/test-so",
                "max_connections": 0,
                "max_connections_per_endpoint": 0,
                "max_connections_per_instance": 0,
                "max_rate": 0,
                "max_rate_per_endpoint": 0,
                "max_rate_per_instance": 0,
                "max_utilization": 0
              }
            ],
            "cdn_policy": [],
            "circuit_breakers": [],
            "connection_draining_timeout_sec": 0,
            "connection_tracking_policy": [],
            "consistent_hash": [],
            "creation_timestamp": "2022-12-23T10:07:00.617-08:00",
            "description": "",
            "enable_cdn": false,
            "failover_policy": [],
            "fingerprint": "aQW2-uT1p1A=",
            "health_checks": [
              "projects/terraform-course-370521/regions/us-west4/healthChecks/http-region-health-check"
            ],
            "iap": [],
            "id": "projects/terraform-course-370521/regions/us-west4/backendServices/l7-elb-web-backend",
            "load_balancing_scheme": "EXTERNAL",
            "locality_lb_policy": "",
            "log_config": [],
            "name": "l7-elb-web-backend",
            "network": "",
            "outlier_detection": [],
            "port_name": "http",
            "project": "terraform-course-370521",
            "protocol": "TCP",
            "region": "us-west4",
            "self_link": "https://www.googleapis.com/compute/v1/projects/terraform-course-370521/regions/us-west4/backendServices/l7-elb-web-backend",
            "session_affinity": "NONE",
            "subsetting": [],
            "timeout_sec": 10,
            "timeouts": null
          },
          "sensitive_attributes": [],
          "private": "eyJlMmJmYjczMC1lY2FhLTExZTYtOGY4OC0zNDM2M2JjN2M0YzAiOnsiY3JlYXRlIjoxMjAwMDAwMDAwMDAwLCJkZWxldGUiOjEyMDAwMDAwMDAwMDAsInVwZGF0ZSI6MTIwMDAwMDAwMDAwMH0sInNjaGVtYV92ZXJzaW9uIjoiMSJ9",
          "dependencies": [
            "data.google_compute_image.debian-image",
            "google_compute_health_check.autohealing",
            "google_compute_instance_group_manager.test_so",
            "google_compute_instance_template.webserver_template",
            "google_compute_region_health_check.elb",
            "google_service_account.test-vm-1"
          ]
        }
      ]
    },
    {
      "mode": "managed",
      "type": "google_compute_region_health_check",
      "name": "elb",
      "provider": "provider[\"registry.terraform.io/hashicorp/google\"]",
      "instances": [
        {
          "schema_version": 0,
          "attributes": {
            "check_interval_sec": 1,
            "creation_timestamp": "2022-12-23T10:06:07.329-08:00",
            "description": "",
            "grpc_health_check": [],
            "healthy_threshold": 4,
            "http2_health_check": [],
            "http_health_check": [
              {
                "host": "",
                "port": 80,
                "port_name": "",
                "port_specification": "",
                "proxy_header": "NONE",
                "request_path": "/",
                "response": ""
              }
            ],
            "https_health_check": [],
            "id": "projects/terraform-course-370521/regions/us-west4/healthChecks/http-region-health-check",
            "log_config": [
              {
                "enable": false
              }
            ],
            "name": "http-region-health-check",
            "project": "terraform-course-370521",
            "region": "us-west4",
            "self_link": "https://www.googleapis.com/compute/v1/projects/terraform-course-370521/regions/us-west4/healthChecks/http-region-health-check",
            "ssl_health_check": [],
            "tcp_health_check": [],
            "timeout_sec": 1,
            "timeouts": null,
            "type": "HTTP",
            "unhealthy_threshold": 5
          },
          "sensitive_attributes": [],
          "private": "eyJlMmJmYjczMC1lY2FhLTExZTYtOGY4OC0zNDM2M2JjN2M0YzAiOnsiY3JlYXRlIjoxMjAwMDAwMDAwMDAwLCJkZWxldGUiOjEyMDAwMDAwMDAwMDAsInVwZGF0ZSI6MTIwMDAwMDAwMDAwMH19"
        }
      ]
    },
    {
      "mode": "managed",
      "type": "google_service_account",
      "name": "test-vm-1",
      "provider": "provider[\"registry.terraform.io/hashicorp/google\"]",
      "instances": [
        {
          "schema_version": 0,
          "attributes": {
            "account_id": "test-vm-1",
            "description": "",
            "disabled": false,
            "display_name": "test",
            "email": "test-vm-1@terraform-course-370521.iam.gserviceaccount.com",
            "id": "projects/terraform-course-370521/serviceAccounts/test-vm-1@terraform-course-370521.iam.gserviceaccount.com",
            "member": "serviceAccount:test-vm-1@terraform-course-370521.iam.gserviceaccount.com",
            "name": "projects/terraform-course-370521/serviceAccounts/test-vm-1@terraform-course-370521.iam.gserviceaccount.com",
            "project": "terraform-course-370521",
            "timeouts": null,
            "unique_id": "101028788551557698073"
          },
          "sensitive_attributes": [],
          "private": "eyJlMmJmYjczMC1lY2FhLTExZTYtOGY4OC0zNDM2M2JjN2M0YzAiOnsiY3JlYXRlIjozMDAwMDAwMDAwMDB9fQ=="
        }
      ]
    }
  ]
}
