{
  "version": 4,
  "terraform_version": "1.2.3",
  "serial": 11,
  "lineage": "7534fe5e-4547-69d4-dd99-3ad2fd65d2c0",
  "outputs": {},
  "resources": [
    {
      "mode": "managed",
      "type": "google_compute_attached_disk",
      "name": "test-disk-2-attached",
      "provider": "provider[\"registry.terraform.io/hashicorp/google\"]",
      "instances": [
        {
          "schema_version": 0,
          "attributes": {
            "device_name": "persistent-disk-1",
            "disk": "projects/terraform-course-370521/zones/europe-central2-a/disks/test-disk-2",
            "id": "projects/terraform-course-370521/zones/europe-central2-a/instances/instance1/test-disk-2",
            "instance": "projects/terraform-course-370521/zones/europe-central2-a/instances/instance1",
            "mode": "READ_WRITE",
            "project": "terraform-course-370521",
            "timeouts": null,
            "zone": "europe-central2-a"
          },
          "sensitive_attributes": [],
          "private": "eyJlMmJmYjczMC1lY2FhLTExZTYtOGY4OC0zNDM2M2JjN2M0YzAiOnsiY3JlYXRlIjozMDAwMDAwMDAwMDAsImRlbGV0ZSI6MzAwMDAwMDAwMDAwfX0=",
          "dependencies": [
            "google_compute_disk.test-disk-2",
            "google_compute_instance.instance-1-tf"
          ]
        }
      ]
    },
    {
      "mode": "managed",
      "type": "google_compute_disk",
      "name": "test-disk-2",
      "provider": "provider[\"registry.terraform.io/hashicorp/google\"]",
      "instances": [
        {
          "schema_version": 0,
          "attributes": {
            "creation_timestamp": "2022-12-05T06:27:00.153-08:00",
            "description": "",
            "disk_encryption_key": [],
            "id": "projects/terraform-course-370521/zones/europe-central2-a/disks/test-disk-2",
            "image": "",
            "label_fingerprint": "42WmSpB8rSM=",
            "labels": {},
            "last_attach_timestamp": "",
            "last_detach_timestamp": "",
            "name": "test-disk-2",
            "physical_block_size_bytes": 4096,
            "project": "terraform-course-370521",
            "provisioned_iops": 0,
            "self_link": "https://www.googleapis.com/compute/v1/projects/terraform-course-370521/zones/europe-central2-a/disks/test-disk-2",
            "size": 10,
            "snapshot": "",
            "source_disk": "",
            "source_disk_id": "",
            "source_image_encryption_key": [],
            "source_image_id": "",
            "source_snapshot_encryption_key": [],
            "source_snapshot_id": "",
            "timeouts": null,
            "type": "pd-ssd",
            "users": [],
            "zone": "europe-central2-a"
          },
          "sensitive_attributes": [],
          "private": "eyJlMmJmYjczMC1lY2FhLTExZTYtOGY4OC0zNDM2M2JjN2M0YzAiOnsiY3JlYXRlIjoxMjAwMDAwMDAwMDAwLCJkZWxldGUiOjEyMDAwMDAwMDAwMDAsInVwZGF0ZSI6MTIwMDAwMDAwMDAwMH19"
        }
      ]
    },
    {
      "mode": "managed",
      "type": "google_compute_instance",
      "name": "instance-1-tf",
      "provider": "provider[\"registry.terraform.io/hashicorp/google\"]",
      "instances": [
        {
          "schema_version": 6,
          "attributes": {
            "advanced_machine_features": [],
            "allow_stopping_for_update": true,
            "attached_disk": [],
            "boot_disk": [
              {
                "auto_delete": true,
                "device_name": "persistent-disk-0",
                "disk_encryption_key_raw": "",
                "disk_encryption_key_sha256": "",
                "initialize_params": [
                  {
                    "image": "https://www.googleapis.com/compute/v1/projects/ubuntu-os-cloud/global/images/ubuntu-1804-bionic-v20221201",
                    "labels": {},
                    "size": 20,
                    "type": "pd-standard"
                  }
                ],
                "kms_key_self_link": "",
                "mode": "READ_WRITE",
                "source": "https://www.googleapis.com/compute/v1/projects/terraform-course-370521/zones/europe-central2-a/disks/instance1"
              }
            ],
            "can_ip_forward": false,
            "confidential_instance_config": [],
            "cpu_platform": "Intel Broadwell",
            "current_status": "RUNNING",
            "deletion_protection": false,
            "description": "",
            "desired_status": null,
            "enable_display": false,
            "guest_accelerator": [],
            "hostname": "",
            "id": "projects/terraform-course-370521/zones/europe-central2-a/instances/instance1",
            "instance_id": "4468411646387180440",
            "label_fingerprint": "9hwa-IBG3v4=",
            "labels": {
              "env": "dev",
              "owner": "so"
            },
            "machine_type": "n1-standard-1",
            "metadata": {},
            "metadata_fingerprint": "zSV4JajKW8k=",
            "metadata_startup_script": null,
            "min_cpu_platform": "",
            "name": "instance1",
            "network_interface": [
              {
                "access_config": [],
                "alias_ip_range": [],
                "ipv6_access_config": [],
                "ipv6_access_type": "",
                "name": "nic0",
                "network": "https://www.googleapis.com/compute/v1/projects/terraform-course-370521/global/networks/custom-vpc-tf",
                "network_ip": "10.0.1.2",
                "nic_type": "",
                "queue_count": 0,
                "stack_type": "IPV4_ONLY",
                "subnetwork": "https://www.googleapis.com/compute/v1/projects/terraform-course-370521/regions/europe-central2/subnetworks/sub-pl",
                "subnetwork_project": "terraform-course-370521"
              }
            ],
            "project": "terraform-course-370521",
            "reservation_affinity": [],
            "resource_policies": [],
            "scheduling": [
              {
                "automatic_restart": true,
                "instance_termination_action": "",
                "min_node_cpus": 0,
                "node_affinities": [],
                "on_host_maintenance": "MIGRATE",
                "preemptible": false,
                "provisioning_model": "STANDARD"
              }
            ],
            "scratch_disk": [],
            "self_link": "https://www.googleapis.com/compute/v1/projects/terraform-course-370521/zones/europe-central2-a/instances/instance1",
            "service_account": [
              {
                "email": "test-vm-1@terraform-course-370521.iam.gserviceaccount.com",
                "scopes": [
                  "https://www.googleapis.com/auth/monitoring.read"
                ]
              }
            ],
            "shielded_instance_config": [
              {
                "enable_integrity_monitoring": true,
                "enable_secure_boot": false,
                "enable_vtpm": true
              }
            ],
            "tags": [],
            "tags_fingerprint": "42WmSpB8rSM=",
            "timeouts": null,
            "zone": "europe-central2-a"
          },
          "sensitive_attributes": [],
          "private": "eyJlMmJmYjczMC1lY2FhLTExZTYtOGY4OC0zNDM2M2JjN2M0YzAiOnsiY3JlYXRlIjoxMjAwMDAwMDAwMDAwLCJkZWxldGUiOjEyMDAwMDAwMDAwMDAsInVwZGF0ZSI6MTIwMDAwMDAwMDAwMH0sInNjaGVtYV92ZXJzaW9uIjoiNiJ9",
          "dependencies": [
            "google_service_account.test-vm-1"
          ]
        }
      ]
    },
    {
      "mode": "managed",
      "type": "google_service_account",
      "name": "test-vm-1",
      "provider": "provider[\"registry.terraform.io/hashicorp/google\"]",
      "instances": [
        {
          "schema_version": 0,
          "attributes": {
            "account_id": "test-vm-1",
            "description": "",
            "disabled": false,
            "display_name": "test",
            "email": "test-vm-1@terraform-course-370521.iam.gserviceaccount.com",
            "id": "projects/terraform-course-370521/serviceAccounts/test-vm-1@terraform-course-370521.iam.gserviceaccount.com",
            "member": "serviceAccount:test-vm-1@terraform-course-370521.iam.gserviceaccount.com",
            "name": "projects/terraform-course-370521/serviceAccounts/test-vm-1@terraform-course-370521.iam.gserviceaccount.com",
            "project": "terraform-course-370521",
            "timeouts": null,
            "unique_id": "106850311150306151443"
          },
          "sensitive_attributes": [],
          "private": "eyJlMmJmYjczMC1lY2FhLTExZTYtOGY4OC0zNDM2M2JjN2M0YzAiOnsiY3JlYXRlIjozMDAwMDAwMDAwMDB9fQ=="
        }
      ]
    }
  ]
}
